
Microsoft Visual Studio Solution File, Format Version 12.00
# Visual Studio Version 17
VisualStudioVersion = 17.8.34511.84
MinimumVisualStudioVersion = 10.0.40219.1
Project("{FAE04EC0-301F-11D3-BF4B-00C04F79EFBC}") = "MyBrowser", "MyBrowser\MyBrowser.csproj", "{74399A52-2194-4DDC-8AD1-A96905CCDCBE}"
EndProject
Global
	GlobalSection(SolutionConfigurationPlatforms) = preSolution
		Debug|Any CPU = Debug|Any CPU
		Release|Any CPU = Release|Any CPU
	EndGlobalSection
	GlobalSection(ProjectConfigurationPlatforms) = postSolution
		{74399A52-2194-4DDC-8AD1-A96905CCDCBE}.Debug|Any CPU.ActiveCfg = Debug|Any CPU
		{74399A52-2194-4DDC-8AD1-A96905CCDCBE}.Debug|Any CPU.Build.0 = Debug|Any CPU
		{74399A52-2194-4DDC-8AD1-A96905CCDCBE}.Release|Any CPU.ActiveCfg = Release|Any CPU
		{74399A52-2194-4DDC-8AD1-A96905CCDCBE}.Release|Any CPU.Build.0 = Release|Any CPU
	EndGlobalSection
	GlobalSection(SolutionProperties) = preSolution
		HideSolutionNode = FALSE
	EndGlobalSection
	GlobalSection(ExtensibilityGlobals) = postSolution
		SolutionGuid = {F5393B38-E9BE-4F5A-ADA1-B79AE5633A66}
	EndGlobalSection
EndGlobal
